
Microsoft Visual Studio Solution File, Format Version 12.00
# Visual Studio Version 16
VisualStudioVersion = 16.0.32901.82
MinimumVisualStudioVersion = 10.0.40219.1
Project("{FAE04EC0-301F-11D3-BF4B-00C04F79EFBC}") = "WcfService1", "WcfService1\WcfService1.csproj", "{5363C02F-8393-489A-983C-29E2C3B30EF9}"
EndProject
Global
	GlobalSection(SolutionConfigurationPlatforms) = preSolution
		Debug|Any CPU = Debug|Any CPU
		Release|Any CPU = Release|Any CPU
	EndGlobalSection
	GlobalSection(ProjectConfigurationPlatforms) = postSolution
		{5363C02F-8393-489A-983C-29E2C3B30EF9}.Debug|Any CPU.ActiveCfg = Debug|Any CPU
		{5363C02F-8393-489A-983C-29E2C3B30EF9}.Debug|Any CPU.Build.0 = Debug|Any CPU
		{5363C02F-8393-489A-983C-29E2C3B30EF9}.Release|Any CPU.ActiveCfg = Release|Any CPU
		{5363C02F-8393-489A-983C-29E2C3B30EF9}.Release|Any CPU.Build.0 = Release|Any CPU
	EndGlobalSection
	GlobalSection(SolutionProperties) = preSolution
		HideSolutionNode = FALSE
	EndGlobalSection
	GlobalSection(ExtensibilityGlobals) = postSolution
		SolutionGuid = {642731EB-9189-4645-AF6E-FC6DB4161252}
	EndGlobalSection
EndGlobal
